// !$*UTF8*$!
{
	archiveVersion = 1;
	classes = {
	};
	objectVersion = 55;
	objects = {

/* Begin PBXBuildFile section */
		41BFC40528CDC44D003DC0A6 /* User.swift in Sources */ = {isa = PBXBuildFile; fileRef = 41BFC40428CDC44D003DC0A6 /* User.swift */; };
		41DB4E0428D61CA300F378B9 /* Name_Suggestor.xcdatamodeld in Sources */ = {isa = PBXBuildFile; fileRef = 41DB4E0228D61CA300F378B9 /* Name_Suggestor.xcdatamodeld */; };
		41DB4E0628D61CC400F378B9 /* Data in Resources */ = {isa = PBXBuildFile; fileRef = 41DB4E0528D61CC400F378B9 /* Data */; };
		429BF5F728D37A000085E7F4 /* Alert.swift in Sources */ = {isa = PBXBuildFile; fileRef = 429BF5F628D37A000085E7F4 /* Alert.swift */; };
		429BF5FA28D37A080085E7F4 /* Controller.swift in Sources */ = {isa = PBXBuildFile; fileRef = 429BF5F928D37A080085E7F4 /* Controller.swift */; };
		D225ED2628C8E4B100A05D11 /* Name_SuggestorApp.swift in Sources */ = {isa = PBXBuildFile; fileRef = D225ED2528C8E4B100A05D11 /* Name_SuggestorApp.swift */; };
		D225ED2828C8E4B100A05D11 /* ContentView.swift in Sources */ = {isa = PBXBuildFile; fileRef = D225ED2728C8E4B100A05D11 /* ContentView.swift */; };
		D225ED2A28C8E4B300A05D11 /* Assets.xcassets in Resources */ = {isa = PBXBuildFile; fileRef = D225ED2928C8E4B300A05D11 /* Assets.xcassets */; };
		D225ED2D28C8E4B300A05D11 /* Preview Assets.xcassets in Resources */ = {isa = PBXBuildFile; fileRef = D225ED2C28C8E4B300A05D11 /* Preview Assets.xcassets */; };
		D225ED2F28C8E4B300A05D11 /* Persistence.swift in Sources */ = {isa = PBXBuildFile; fileRef = D225ED2E28C8E4B300A05D11 /* Persistence.swift */; };
		D225ED3B28C8E61000A05D11 /* Header.swift in Sources */ = {isa = PBXBuildFile; fileRef = D225ED3A28C8E61000A05D11 /* Header.swift */; };
		D225ED3D28C8E80100A05D11 /* Background.swift in Sources */ = {isa = PBXBuildFile; fileRef = D225ED3C28C8E80100A05D11 /* Background.swift */; };
		D225ED4028C8E9C700A05D11 /* SColor.swift in Sources */ = {isa = PBXBuildFile; fileRef = D225ED3F28C8E9C700A05D11 /* SColor.swift */; };
		D225ED4228C8EB5D00A05D11 /* SSize.swift in Sources */ = {isa = PBXBuildFile; fileRef = D225ED4128C8EB5D00A05D11 /* SSize.swift */; };
		D225ED4428C8EF5000A05D11 /* TabSelector.swift in Sources */ = {isa = PBXBuildFile; fileRef = D225ED4328C8EF5000A05D11 /* TabSelector.swift */; };
		D225ED4728C8F8E200A05D11 /* NameTypeOption.swift in Sources */ = {isa = PBXBuildFile; fileRef = D225ED4628C8F8E200A05D11 /* NameTypeOption.swift */; };
		D2B8B1B828CCA2AE00392906 /* NameBox.swift in Sources */ = {isa = PBXBuildFile; fileRef = D2B8B1B728CCA2AE00392906 /* NameBox.swift */; };
		D2B8B1BA28CCA33A00392906 /* NameModel.swift in Sources */ = {isa = PBXBuildFile; fileRef = D2B8B1B928CCA33A00392906 /* NameModel.swift */; };
		D2B8B1BC28CCA83500392906 /* NameDiscoverView.swift in Sources */ = {isa = PBXBuildFile; fileRef = D2B8B1BB28CCA83500392906 /* NameDiscoverView.swift */; };
		D2CAF84928CB4F5E00FCB9B6 /* NameTypeLayout.swift in Sources */ = {isa = PBXBuildFile; fileRef = D2CAF84828CB4F5D00FCB9B6 /* NameTypeLayout.swift */; };
		D2CAF84C28CB50D700FCB9B6 /* NameTypeModel.swift in Sources */ = {isa = PBXBuildFile; fileRef = D2CAF84B28CB50D700FCB9B6 /* NameTypeModel.swift */; };
		D2DB6B2C28CE05EF0062242F /* Button.swift in Sources */ = {isa = PBXBuildFile; fileRef = D2DB6B2B28CE05EF0062242F /* Button.swift */; };
		D2DB6B2E28CE076E0062242F /* WelcomeView.swift in Sources */ = {isa = PBXBuildFile; fileRef = D2DB6B2D28CE076E0062242F /* WelcomeView.swift */; };
		D2DB6B3028CE0AD40062242F /* SignInView.swift in Sources */ = {isa = PBXBuildFile; fileRef = D2DB6B2F28CE0AD40062242F /* SignInView.swift */; };
		D2DB6B3228CE0E320062242F /* InputBox.swift in Sources */ = {isa = PBXBuildFile; fileRef = D2DB6B3128CE0E320062242F /* InputBox.swift */; };
		D2DB6B3428CE19620062242F /* SignUpView.swift in Sources */ = {isa = PBXBuildFile; fileRef = D2DB6B3328CE19620062242F /* SignUpView.swift */; };
/* End PBXBuildFile section */

/* Begin PBXFileReference section */
		41BFC40428CDC44D003DC0A6 /* User.swift */ = {isa = PBXFileReference; lastKnownFileType = sourcecode.swift; path = User.swift; sourceTree = "<group>"; };
		41DB4E0328D61CA300F378B9 /* Name_Suggestor.xcdatamodel */ = {isa = PBXFileReference; lastKnownFileType = wrapper.xcdatamodel; path = Name_Suggestor.xcdatamodel; sourceTree = "<group>"; };
		41DB4E0528D61CC400F378B9 /* Data */ = {isa = PBXFileReference; fileEncoding = 4; lastKnownFileType = text; name = Data; path = "Name Suggestor/Data"; sourceTree = SOURCE_ROOT; };
		429BF5F628D37A000085E7F4 /* Alert.swift */ = {isa = PBXFileReference; fileEncoding = 4; lastKnownFileType = sourcecode.swift; path = Alert.swift; sourceTree = "<group>"; };
		429BF5F928D37A080085E7F4 /* Controller.swift */ = {isa = PBXFileReference; fileEncoding = 4; lastKnownFileType = sourcecode.swift; path = Controller.swift; sourceTree = "<group>"; };
		D225ED2228C8E4B100A05D11 /* Name Suggestor.app */ = {isa = PBXFileReference; explicitFileType = wrapper.application; includeInIndex = 0; path = "Name Suggestor.app"; sourceTree = BUILT_PRODUCTS_DIR; };
		D225ED2528C8E4B100A05D11 /* Name_SuggestorApp.swift */ = {isa = PBXFileReference; lastKnownFileType = sourcecode.swift; path = Name_SuggestorApp.swift; sourceTree = "<group>"; };
		D225ED2728C8E4B100A05D11 /* ContentView.swift */ = {isa = PBXFileReference; lastKnownFileType = sourcecode.swift; path = ContentView.swift; sourceTree = "<group>"; };
		D225ED2928C8E4B300A05D11 /* Assets.xcassets */ = {isa = PBXFileReference; lastKnownFileType = folder.assetcatalog; path = Assets.xcassets; sourceTree = "<group>"; };
		D225ED2C28C8E4B300A05D11 /* Preview Assets.xcassets */ = {isa = PBXFileReference; lastKnownFileType = folder.assetcatalog; path = "Preview Assets.xcassets"; sourceTree = "<group>"; };
		D225ED2E28C8E4B300A05D11 /* Persistence.swift */ = {isa = PBXFileReference; lastKnownFileType = sourcecode.swift; path = Persistence.swift; sourceTree = "<group>"; };
		D225ED3A28C8E61000A05D11 /* Header.swift */ = {isa = PBXFileReference; lastKnownFileType = sourcecode.swift; path = Header.swift; sourceTree = "<group>"; };
		D225ED3C28C8E80100A05D11 /* Background.swift */ = {isa = PBXFileReference; lastKnownFileType = sourcecode.swift; path = Background.swift; sourceTree = "<group>"; };
		D225ED3F28C8E9C700A05D11 /* SColor.swift */ = {isa = PBXFileReference; lastKnownFileType = sourcecode.swift; path = SColor.swift; sourceTree = "<group>"; };
		D225ED4128C8EB5D00A05D11 /* SSize.swift */ = {isa = PBXFileReference; lastKnownFileType = sourcecode.swift; path = SSize.swift; sourceTree = "<group>"; };
		D225ED4328C8EF5000A05D11 /* TabSelector.swift */ = {isa = PBXFileReference; lastKnownFileType = sourcecode.swift; path = TabSelector.swift; sourceTree = "<group>"; };
		D225ED4628C8F8E200A05D11 /* NameTypeOption.swift */ = {isa = PBXFileReference; lastKnownFileType = sourcecode.swift; path = NameTypeOption.swift; sourceTree = "<group>"; };
		D2B8B1B728CCA2AE00392906 /* NameBox.swift */ = {isa = PBXFileReference; lastKnownFileType = sourcecode.swift; path = NameBox.swift; sourceTree = "<group>"; };
		D2B8B1B928CCA33A00392906 /* NameModel.swift */ = {isa = PBXFileReference; lastKnownFileType = sourcecode.swift; path = NameModel.swift; sourceTree = "<group>"; };
		D2B8B1BB28CCA83500392906 /* NameDiscoverView.swift */ = {isa = PBXFileReference; lastKnownFileType = sourcecode.swift; path = NameDiscoverView.swift; sourceTree = "<group>"; };
		D2CAF84828CB4F5D00FCB9B6 /* NameTypeLayout.swift */ = {isa = PBXFileReference; lastKnownFileType = sourcecode.swift; path = NameTypeLayout.swift; sourceTree = "<group>"; };
		D2CAF84B28CB50D700FCB9B6 /* NameTypeModel.swift */ = {isa = PBXFileReference; lastKnownFileType = sourcecode.swift; path = NameTypeModel.swift; sourceTree = "<group>"; };
		D2DB6B2B28CE05EF0062242F /* Button.swift */ = {isa = PBXFileReference; lastKnownFileType = sourcecode.swift; path = Button.swift; sourceTree = "<group>"; };
		D2DB6B2D28CE076E0062242F /* WelcomeView.swift */ = {isa = PBXFileReference; lastKnownFileType = sourcecode.swift; path = WelcomeView.swift; sourceTree = "<group>"; };
		D2DB6B2F28CE0AD40062242F /* SignInView.swift */ = {isa = PBXFileReference; lastKnownFileType = sourcecode.swift; path = SignInView.swift; sourceTree = "<group>"; };
		D2DB6B3128CE0E320062242F /* InputBox.swift */ = {isa = PBXFileReference; lastKnownFileType = sourcecode.swift; path = InputBox.swift; sourceTree = "<group>"; };
		D2DB6B3328CE19620062242F /* SignUpView.swift */ = {isa = PBXFileReference; lastKnownFileType = sourcecode.swift; path = SignUpView.swift; sourceTree = "<group>"; };
/* End PBXFileReference section */

/* Begin PBXFrameworksBuildPhase section */
		D225ED1F28C8E4B100A05D11 /* Frameworks */ = {
			isa = PBXFrameworksBuildPhase;
			buildActionMask = 2147483647;
			files = (
			);
			runOnlyForDeploymentPostprocessing = 0;
		};
/* End PBXFrameworksBuildPhase section */

/* Begin PBXGroup section */
		429BF5F828D37A080085E7F4 /* Controller */ = {
			isa = PBXGroup;
			children = (
				429BF5F928D37A080085E7F4 /* Controller.swift */,
			);
			path = Controller;
			sourceTree = "<group>";
		};
		D225ED1928C8E4B100A05D11 = {
			isa = PBXGroup;
			children = (
				D225ED2428C8E4B100A05D11 /* Name Suggestor */,
				D225ED2328C8E4B100A05D11 /* Products */,
			);
			sourceTree = "<group>";
		};
		D225ED2328C8E4B100A05D11 /* Products */ = {
			isa = PBXGroup;
			children = (
				D225ED2228C8E4B100A05D11 /* Name Suggestor.app */,
			);
			name = Products;
			sourceTree = "<group>";
		};
		D225ED2428C8E4B100A05D11 /* Name Suggestor */ = {
			isa = PBXGroup;
			children = (
				41DB4E0528D61CC400F378B9 /* Data */,
				D2CAF84A28CB4FF900FCB9B6 /* Model */,
				D225ED3E28C8E89A00A05D11 /* Constant */,
				D225ED3928C8E5FE00A05D11 /* Components */,
				429BF5F828D37A080085E7F4 /* Controller */,
				D225ED3828C8E5F100A05D11 /* Views */,
				D225ED2528C8E4B100A05D11 /* Name_SuggestorApp.swift */,
				D225ED2728C8E4B100A05D11 /* ContentView.swift */,
				D225ED2928C8E4B300A05D11 /* Assets.xcassets */,
				D225ED2E28C8E4B300A05D11 /* Persistence.swift */,
				41DB4E0228D61CA300F378B9 /* Name_Suggestor.xcdatamodeld */,
				D225ED2B28C8E4B300A05D11 /* Preview Content */,
			);
			path = "Name Suggestor";
			sourceTree = "<group>";
		};
		D225ED2B28C8E4B300A05D11 /* Preview Content */ = {
			isa = PBXGroup;
			children = (
				D225ED2C28C8E4B300A05D11 /* Preview Assets.xcassets */,
			);
			path = "Preview Content";
			sourceTree = "<group>";
		};
		D225ED3828C8E5F100A05D11 /* Views */ = {
			isa = PBXGroup;
			children = (
				D2B8B1BB28CCA83500392906 /* NameDiscoverView.swift */,
				D2DB6B2D28CE076E0062242F /* WelcomeView.swift */,
				D2DB6B2F28CE0AD40062242F /* SignInView.swift */,
				D2DB6B3328CE19620062242F /* SignUpView.swift */,
			);
			path = Views;
			sourceTree = "<group>";
		};
		D225ED3928C8E5FE00A05D11 /* Components */ = {
			isa = PBXGroup;
			children = (
				D225ED4528C8F8B800A05D11 /* NameOption */,
				D225ED3A28C8E61000A05D11 /* Header.swift */,
				D225ED3C28C8E80100A05D11 /* Background.swift */,
				D225ED4328C8EF5000A05D11 /* TabSelector.swift */,
				D2B8B1B728CCA2AE00392906 /* NameBox.swift */,
				D2DB6B2B28CE05EF0062242F /* Button.swift */,
				D2DB6B3128CE0E320062242F /* InputBox.swift */,
			);
			path = Components;
			sourceTree = "<group>";
		};
		D225ED3E28C8E89A00A05D11 /* Constant */ = {
			isa = PBXGroup;
			children = (
				D225ED3F28C8E9C700A05D11 /* SColor.swift */,
				D225ED4128C8EB5D00A05D11 /* SSize.swift */,
			);
			path = Constant;
			sourceTree = "<group>";
		};
		D225ED4528C8F8B800A05D11 /* NameOption */ = {
			isa = PBXGroup;
			children = (
				D225ED4628C8F8E200A05D11 /* NameTypeOption.swift */,
				D2CAF84828CB4F5D00FCB9B6 /* NameTypeLayout.swift */,
			);
			path = NameOption;
			sourceTree = "<group>";
		};
		D2CAF84A28CB4FF900FCB9B6 /* Model */ = {
			isa = PBXGroup;
			children = (
				D2CAF84B28CB50D700FCB9B6 /* NameTypeModel.swift */,
				41BFC40428CDC44D003DC0A6 /* User.swift */,
				D2B8B1B928CCA33A00392906 /* NameModel.swift */,
				429BF5F628D37A000085E7F4 /* Alert.swift */,
			);
			path = Model;
			sourceTree = "<group>";
		};
/* End PBXGroup section */

/* Begin PBXNativeTarget section */
		D225ED2128C8E4B100A05D11 /* Name Suggestor */ = {
			isa = PBXNativeTarget;
			buildConfigurationList = D225ED3528C8E4B300A05D11 /* Build configuration list for PBXNativeTarget "Name Suggestor" */;
			buildPhases = (
				D225ED1E28C8E4B100A05D11 /* Sources */,
				D225ED1F28C8E4B100A05D11 /* Frameworks */,
				D225ED2028C8E4B100A05D11 /* Resources */,
			);
			buildRules = (
			);
			dependencies = (
			);
			name = "Name Suggestor";
			productName = "Name Suggestor";
			productReference = D225ED2228C8E4B100A05D11 /* Name Suggestor.app */;
			productType = "com.apple.product-type.application";
		};
/* End PBXNativeTarget section */

/* Begin PBXProject section */
		D225ED1A28C8E4B100A05D11 /* Project object */ = {
			isa = PBXProject;
			attributes = {
				BuildIndependentTargetsInParallel = 1;
				LastSwiftUpdateCheck = 1340;
				LastUpgradeCheck = 1340;
				TargetAttributes = {
					D225ED2128C8E4B100A05D11 = {
						CreatedOnToolsVersion = 13.4.1;
					};
				};
			};
			buildConfigurationList = D225ED1D28C8E4B100A05D11 /* Build configuration list for PBXProject "Name Suggestor" */;
			compatibilityVersion = "Xcode 13.0";
			developmentRegion = en;
			hasScannedForEncodings = 0;
			knownRegions = (
				en,
				Base,
			);
			mainGroup = D225ED1928C8E4B100A05D11;
			productRefGroup = D225ED2328C8E4B100A05D11 /* Products */;
			projectDirPath = "";
			projectRoot = "";
			targets = (
				D225ED2128C8E4B100A05D11 /* Name Suggestor */,
			);
		};
/* End PBXProject section */

/* Begin PBXResourcesBuildPhase section */
		D225ED2028C8E4B100A05D11 /* Resources */ = {
			isa = PBXResourcesBuildPhase;
			buildActionMask = 2147483647;
			files = (
				D225ED2D28C8E4B300A05D11 /* Preview Assets.xcassets in Resources */,
				41DB4E0628D61CC400F378B9 /* Data in Resources */,
				D225ED2A28C8E4B300A05D11 /* Assets.xcassets in Resources */,
			);
			runOnlyForDeploymentPostprocessing = 0;
		};
/* End PBXResourcesBuildPhase section */

/* Begin PBXSourcesBuildPhase section */
		D225ED1E28C8E4B100A05D11 /* Sources */ = {
			isa = PBXSourcesBuildPhase;
			buildActionMask = 2147483647;
			files = (
				41BFC40528CDC44D003DC0A6 /* User.swift in Sources */,
				D2DB6B3028CE0AD40062242F /* SignInView.swift in Sources */,
				D2B8B1BA28CCA33A00392906 /* NameModel.swift in Sources */,
				D225ED3B28C8E61000A05D11 /* Header.swift in Sources */,
				D225ED4428C8EF5000A05D11 /* TabSelector.swift in Sources */,
				D2DB6B2C28CE05EF0062242F /* Button.swift in Sources */,
				429BF5F728D37A000085E7F4 /* Alert.swift in Sources */,
				D2CAF84C28CB50D700FCB9B6 /* NameTypeModel.swift in Sources */,
				D2DB6B2E28CE076E0062242F /* WelcomeView.swift in Sources */,
				D2DB6B3228CE0E320062242F /* InputBox.swift in Sources */,
				D225ED2F28C8E4B300A05D11 /* Persistence.swift in Sources */,
				D225ED2828C8E4B100A05D11 /* ContentView.swift in Sources */,
				D225ED4728C8F8E200A05D11 /* NameTypeOption.swift in Sources */,
				41DB4E0428D61CA300F378B9 /* Name_Suggestor.xcdatamodeld in Sources */,
				429BF5FA28D37A080085E7F4 /* Controller.swift in Sources */,
				D2B8B1B828CCA2AE00392906 /* NameBox.swift in Sources */,
				D2CAF84928CB4F5E00FCB9B6 /* NameTypeLayout.swift in Sources */,
				D225ED4228C8EB5D00A05D11 /* SSize.swift in Sources */,
				D225ED2628C8E4B100A05D11 /* Name_SuggestorApp.swift in Sources */,
				D2DB6B3428CE19620062242F /* SignUpView.swift in Sources */,
				D225ED3D28C8E80100A05D11 /* Background.swift in Sources */,
				D2B8B1BC28CCA83500392906 /* NameDiscoverView.swift in Sources */,
				D225ED4028C8E9C700A05D11 /* SColor.swift in Sources */,
			);
			runOnlyForDeploymentPostprocessing = 0;
		};
/* End PBXSourcesBuildPhase section */

/* Begin XCBuildConfiguration section */
		D225ED3328C8E4B300A05D11 /* Debug */ = {
			isa = XCBuildConfiguration;
			buildSettings = {
				ALWAYS_SEARCH_USER_PATHS = NO;
				CLANG_ANALYZER_NONNULL = YES;
				CLANG_ANALYZER_NUMBER_OBJECT_CONVERSION = YES_AGGRESSIVE;
				CLANG_CXX_LANGUAGE_STANDARD = "gnu++17";
				CLANG_ENABLE_MODULES = YES;
				CLANG_ENABLE_OBJC_ARC = YES;
				CLANG_ENABLE_OBJC_WEAK = YES;
				CLANG_WARN_BLOCK_CAPTURE_AUTORELEASING = YES;
				CLANG_WARN_BOOL_CONVERSION = YES;
				CLANG_WARN_COMMA = YES;
				CLANG_WARN_CONSTANT_CONVERSION = YES;
				CLANG_WARN_DEPRECATED_OBJC_IMPLEMENTATIONS = YES;
				CLANG_WARN_DIRECT_OBJC_ISA_USAGE = YES_ERROR;
				CLANG_WARN_DOCUMENTATION_COMMENTS = YES;
				CLANG_WARN_EMPTY_BODY = YES;
				CLANG_WARN_ENUM_CONVERSION = YES;
				CLANG_WARN_INFINITE_RECURSION = YES;
				CLANG_WARN_INT_CONVERSION = YES;
				CLANG_WARN_NON_LITERAL_NULL_CONVERSION = YES;
				CLANG_WARN_OBJC_IMPLICIT_RETAIN_SELF = YES;
				CLANG_WARN_OBJC_LITERAL_CONVERSION = YES;
				CLANG_WARN_OBJC_ROOT_CLASS = YES_ERROR;
				CLANG_WARN_QUOTED_INCLUDE_IN_FRAMEWORK_HEADER = YES;
				CLANG_WARN_RANGE_LOOP_ANALYSIS = YES;
				CLANG_WARN_STRICT_PROTOTYPES = YES;
				CLANG_WARN_SUSPICIOUS_MOVE = YES;
				CLANG_WARN_UNGUARDED_AVAILABILITY = YES_AGGRESSIVE;
				CLANG_WARN_UNREACHABLE_CODE = YES;
				CLANG_WARN__DUPLICATE_METHOD_MATCH = YES;
				COPY_PHASE_STRIP = NO;
				DEBUG_INFORMATION_FORMAT = dwarf;
				ENABLE_STRICT_OBJC_MSGSEND = YES;
				ENABLE_TESTABILITY = YES;
				GCC_C_LANGUAGE_STANDARD = gnu11;
				GCC_DYNAMIC_NO_PIC = NO;
				GCC_NO_COMMON_BLOCKS = YES;
				GCC_OPTIMIZATION_LEVEL = 0;
				GCC_PREPROCESSOR_DEFINITIONS = (
					"DEBUG=1",
					"$(inherited)",
				);
				GCC_WARN_64_TO_32_BIT_CONVERSION = YES;
				GCC_WARN_ABOUT_RETURN_TYPE = YES_ERROR;
				GCC_WARN_UNDECLARED_SELECTOR = YES;
				GCC_WARN_UNINITIALIZED_AUTOS = YES_AGGRESSIVE;
				GCC_WARN_UNUSED_FUNCTION = YES;
				GCC_WARN_UNUSED_VARIABLE = YES;
				IPHONEOS_DEPLOYMENT_TARGET = 15.5;
				MTL_ENABLE_DEBUG_INFO = INCLUDE_SOURCE;
				MTL_FAST_MATH = YES;
				ONLY_ACTIVE_ARCH = YES;
				SDKROOT = iphoneos;
				SWIFT_ACTIVE_COMPILATION_CONDITIONS = DEBUG;
				SWIFT_OPTIMIZATION_LEVEL = "-Onone";
			};
			name = Debug;
		};
		D225ED3428C8E4B300A05D11 /* Release */ = {
			isa = XCBuildConfiguration;
			buildSettings = {
				ALWAYS_SEARCH_USER_PATHS = NO;
				CLANG_ANALYZER_NONNULL = YES;
				CLANG_ANALYZER_NUMBER_OBJECT_CONVERSION = YES_AGGRESSIVE;
				CLANG_CXX_LANGUAGE_STANDARD = "gnu++17";
				CLANG_ENABLE_MODULES = YES;
				CLANG_ENABLE_OBJC_ARC = YES;
				CLANG_ENABLE_OBJC_WEAK = YES;
				CLANG_WARN_BLOCK_CAPTURE_AUTORELEASING = YES;
				CLANG_WARN_BOOL_CONVERSION = YES;
				CLANG_WARN_COMMA = YES;
				CLANG_WARN_CONSTANT_CONVERSION = YES;
				CLANG_WARN_DEPRECATED_OBJC_IMPLEMENTATIONS = YES;
				CLANG_WARN_DIRECT_OBJC_ISA_USAGE = YES_ERROR;
				CLANG_WARN_DOCUMENTATION_COMMENTS = YES;
				CLANG_WARN_EMPTY_BODY = YES;
				CLANG_WARN_ENUM_CONVERSION = YES;
				CLANG_WARN_INFINITE_RECURSION = YES;
				CLANG_WARN_INT_CONVERSION = YES;
				CLANG_WARN_NON_LITERAL_NULL_CONVERSION = YES;
				CLANG_WARN_OBJC_IMPLICIT_RETAIN_SELF = YES;
				CLANG_WARN_OBJC_LITERAL_CONVERSION = YES;
				CLANG_WARN_OBJC_ROOT_CLASS = YES_ERROR;
				CLANG_WARN_QUOTED_INCLUDE_IN_FRAMEWORK_HEADER = YES;
				CLANG_WARN_RANGE_LOOP_ANALYSIS = YES;
				CLANG_WARN_STRICT_PROTOTYPES = YES;
				CLANG_WARN_SUSPICIOUS_MOVE = YES;
				CLANG_WARN_UNGUARDED_AVAILABILITY = YES_AGGRESSIVE;
				CLANG_WARN_UNREACHABLE_CODE = YES;
				CLANG_WARN__DUPLICATE_METHOD_MATCH = YES;
				COPY_PHASE_STRIP = NO;
				DEBUG_INFORMATION_FORMAT = "dwarf-with-dsym";
				ENABLE_NS_ASSERTIONS = NO;
				ENABLE_STRICT_OBJC_MSGSEND = YES;
				GCC_C_LANGUAGE_STANDARD = gnu11;
				GCC_NO_COMMON_BLOCKS = YES;
				GCC_WARN_64_TO_32_BIT_CONVERSION = YES;
				GCC_WARN_ABOUT_RETURN_TYPE = YES_ERROR;
				GCC_WARN_UNDECLARED_SELECTOR = YES;
				GCC_WARN_UNINITIALIZED_AUTOS = YES_AGGRESSIVE;
				GCC_WARN_UNUSED_FUNCTION = YES;
				GCC_WARN_UNUSED_VARIABLE = YES;
				IPHONEOS_DEPLOYMENT_TARGET = 15.5;
				MTL_ENABLE_DEBUG_INFO = NO;
				MTL_FAST_MATH = YES;
				SDKROOT = iphoneos;
				SWIFT_COMPILATION_MODE = wholemodule;
				SWIFT_OPTIMIZATION_LEVEL = "-O";
				VALIDATE_PRODUCT = YES;
			};
			name = Release;
		};
		D225ED3628C8E4B300A05D11 /* Debug */ = {
			isa = XCBuildConfiguration;
			buildSettings = {
				ASSETCATALOG_COMPILER_APPICON_NAME = AppIcon;
				ASSETCATALOG_COMPILER_GLOBAL_ACCENT_COLOR_NAME = AccentColor;
				CODE_SIGN_STYLE = Automatic;
				CURRENT_PROJECT_VERSION = 1;
				DEVELOPMENT_ASSET_PATHS = "\"Name Suggestor/Preview Content\"";
				ENABLE_PREVIEWS = YES;
				GENERATE_INFOPLIST_FILE = YES;
				INFOPLIST_KEY_UIApplicationSceneManifest_Generation = YES;
				INFOPLIST_KEY_UIApplicationSupportsIndirectInputEvents = YES;
				INFOPLIST_KEY_UILaunchScreen_Generation = YES;
				INFOPLIST_KEY_UISupportedInterfaceOrientations_iPad = "UIInterfaceOrientationPortrait UIInterfaceOrientationPortraitUpsideDown UIInterfaceOrientationLandscapeLeft UIInterfaceOrientationLandscapeRight";
				INFOPLIST_KEY_UISupportedInterfaceOrientations_iPhone = "UIInterfaceOrientationPortrait UIInterfaceOrientationLandscapeLeft UIInterfaceOrientationLandscapeRight";
				LD_RUNPATH_SEARCH_PATHS = (
					"$(inherited)",
					"@executable_path/Frameworks",
				);
				MARKETING_VERSION = 1.0;
				PRODUCT_BUNDLE_IDENTIFIER = "SOS-Team18.Name-Suggestor";
				PRODUCT_NAME = "$(TARGET_NAME)";
				SWIFT_EMIT_LOC_STRINGS = YES;
				SWIFT_VERSION = 5.0;
				TARGETED_DEVICE_FAMILY = "1,2";
			};
			name = Debug;
		};
		D225ED3728C8E4B300A05D11 /* Release */ = {
			isa = XCBuildConfiguration;
			buildSettings = {
				ASSETCATALOG_COMPILER_APPICON_NAME = AppIcon;
				ASSETCATALOG_COMPILER_GLOBAL_ACCENT_COLOR_NAME = AccentColor;
				CODE_SIGN_STYLE = Automatic;
				CURRENT_PROJECT_VERSION = 1;
				DEVELOPMENT_ASSET_PATHS = "\"Name Suggestor/Preview Content\"";
				ENABLE_PREVIEWS = YES;
				GENERATE_INFOPLIST_FILE = YES;
				INFOPLIST_KEY_UIApplicationSceneManifest_Generation = YES;
				INFOPLIST_KEY_UIApplicationSupportsIndirectInputEvents = YES;
				INFOPLIST_KEY_UILaunchScreen_Generation = YES;
				INFOPLIST_KEY_UISupportedInterfaceOrientations_iPad = "UIInterfaceOrientationPortrait UIInterfaceOrientationPortraitUpsideDown UIInterfaceOrientationLandscapeLeft UIInterfaceOrientationLandscapeRight";
				INFOPLIST_KEY_UISupportedInterfaceOrientations_iPhone = "UIInterfaceOrientationPortrait UIInterfaceOrientationLandscapeLeft UIInterfaceOrientationLandscapeRight";
				LD_RUNPATH_SEARCH_PATHS = (
					"$(inherited)",
					"@executable_path/Frameworks",
				);
				MARKETING_VERSION = 1.0;
				PRODUCT_BUNDLE_IDENTIFIER = "SOS-Team18.Name-Suggestor";
				PRODUCT_NAME = "$(TARGET_NAME)";
				SWIFT_EMIT_LOC_STRINGS = YES;
				SWIFT_VERSION = 5.0;
				TARGETED_DEVICE_FAMILY = "1,2";
			};
			name = Release;
		};
/* End XCBuildConfiguration section */

/* Begin XCConfigurationList section */
		D225ED1D28C8E4B100A05D11 /* Build configuration list for PBXProject "Name Suggestor" */ = {
			isa = XCConfigurationList;
			buildConfigurations = (
				D225ED3328C8E4B300A05D11 /* Debug */,
				D225ED3428C8E4B300A05D11 /* Release */,
			);
			defaultConfigurationIsVisible = 0;
			defaultConfigurationName = Release;
		};
		D225ED3528C8E4B300A05D11 /* Build configuration list for PBXNativeTarget "Name Suggestor" */ = {
			isa = XCConfigurationList;
			buildConfigurations = (
				D225ED3628C8E4B300A05D11 /* Debug */,
				D225ED3728C8E4B300A05D11 /* Release */,
			);
			defaultConfigurationIsVisible = 0;
			defaultConfigurationName = Release;
		};
/* End XCConfigurationList section */

/* Begin XCVersionGroup section */
		41DB4E0228D61CA300F378B9 /* Name_Suggestor.xcdatamodeld */ = {
			isa = XCVersionGroup;
			children = (
				41DB4E0328D61CA300F378B9 /* Name_Suggestor.xcdatamodel */,
			);
			currentVersion = 41DB4E0328D61CA300F378B9 /* Name_Suggestor.xcdatamodel */;
			path = Name_Suggestor.xcdatamodeld;
			sourceTree = "<group>";
			versionGroupType = wrapper.xcdatamodel;
		};
/* End XCVersionGroup section */
	};
	rootObject = D225ED1A28C8E4B100A05D11 /* Project object */;
}
